dependencies:
- name: common
  repository: https://bjw-s-labs.github.io/helm-charts
  version: 5.1.0
- name: radicale
  repository: oci://ghcr.io/loboda4450/charts
  version: 0.2.6
digest: sha256:ac137c33070bb458e756345916c2c4ab0d65cf04bd1c023fd4a894eb70c1acf1
generated: "2026-09-06T13:42:09.807797218Z"
