dependencies:
- name: common
  repository: https://bjw-s-labs.github.io/helm-charts
  version: 5.2.1
- name: radicale
  repository: oci://ghcr.io/loboda4450/charts
  version: 0.2.10
digest: sha256:a3c5b51dcd9eb56af4c399e32e0d7c00e7883a6718ee263709c7fd074af3cbb7
generated: "2026-10-08T18:36:41.163331856Z"
