dependencies:
- name: common
  repository: https://bjw-s-labs.github.io/helm-charts
  version: 5.1.0
- name: radicale
  repository: oci://ghcr.io/loboda4450/charts
  version: 0.2.5
digest: sha256:56b82371b79ff7218f2d30be48f2dccbb44b8aa36a31455e21359120fe4fa1d8
generated: "2026-08-20T08:35:39.973788153Z"
